<?xml version="1.0" encoding="utf-8"?>
<Project ToolsVersion="4.0" xmlns="http://schemas.microsoft.com/developer/msbuild/2003">
  <ItemGroup>
    <Filter Include="Source Files">
      <UniqueIdentifier>{4FC737F1-C7A5-4376-A066-2A32D752A2FF}</UniqueIdentifier>
      <Extensions>cpp;c;cc;cxx;def;odl;idl;hpj;bat;asm;asmx</Extensions>
    </Filter>
    <Filter Include="Header Files">
      <UniqueIdentifier>{93995380-89BD-4b04-88EB-625FBE52EBFB}</UniqueIdentifier>
      <Extensions>h;hh;hpp;hxx;hm;inl;inc;xsd</Extensions>
    </Filter>
    <Filter Include="Resource Files">
      <UniqueIdentifier>{67DA6AB6-F800-4c08-8B7A-83BB121AAD01}</UniqueIdentifier>
      <Extensions>rc;ico;cur;bmp;dlg;rc2;rct;bin;rgs;gif;jpg;jpeg;jpe;resx;tiff;tif;png;wav;mfcribbon-ms</Extensions>
    </Filter>
    <Filter Include="Resource Files\Internal">
      <UniqueIdentifier>{89cf0168-f5ce-4fad-8013-3cc4e2256587}</UniqueIdentifier>
    </Filter>
    <Filter Include="Source Files\Internal">
      <UniqueIdentifier>{59f87c70-d56a-4820-bc7d-bb20a0139ed0}</UniqueIdentifier>
    </Filter>
    <Filter Include="Resource Files\Classes">
      <UniqueIdentifier>{3e20b82d-b38c-4743-88c2-e1c289ab75d6}</UniqueIdentifier>
    </Filter>
  </ItemGroup>
  <ItemGroup>
    <ClCompile Include="main.cpp">
      <Filter>Source Files</Filter>
    </ClCompile>
    <ClCompile Include="lanschool.cpp">
      <Filter>Source Files</Filter>
    </ClCompile>
    <ClCompile Include="Internal\hooks.cpp">
      <Filter>Source Files\Internal</Filter>
    </ClCompile>
    <ClCompile Include="Internal\addresses.cpp">
      <Filter>Source Files\Internal</Filter>
    </ClCompile>
    <ClCompile Include="memory.cpp">
      <Filter>Source Files</Filter>
    </ClCompile>
  </ItemGroup>
  <ItemGroup>
    <ClInclude Include="lanschool.h">
      <Filter>Resource Files</Filter>
    </ClInclude>
    <ClInclude Include="Internal\hooks.h">
      <Filter>Resource Files\Internal</Filter>
    </ClInclude>
    <ClInclude Include="Internal\addresses.h">
      <Filter>Resource Files\Internal</Filter>
    </ClInclude>
    <ClInclude Include="memory.h">
      <Filter>Resource Files</Filter>
    </ClInclude>
    <ClInclude Include="xorstr.h">
      <Filter>Resource Files</Filter>
    </ClInclude>
    <ClInclude Include="enums.h">
      <Filter>Resource Files</Filter>
    </ClInclude>
    <ClInclude Include="Classes\student.h">
      <Filter>Resource Files\Classes</Filter>
    </ClInclude>
    <ClInclude Include="Classes\teacher.h">
      <Filter>Resource Files\Classes</Filter>
    </ClInclude>
  </ItemGroup>
</Project>